// !$*UTF8*$!
{
	archiveVersion = 1;
	classes = {
	};
	objectVersion = 46;
	objects = {

/* Begin PBXBuildFile section */
		8474E2C01ECCA029000D65CF /* AppDelegate.swift in Sources */ = {isa = PBXBuildFile; fileRef = 8474E2BF1ECCA029000D65CF /* AppDelegate.swift */; };
		8474E2C21ECCA029000D65CF /* MealViewController.swift in Sources */ = {isa = PBXBuildFile; fileRef = 8474E2C11ECCA029000D65CF /* MealViewController.swift */; };
		8474E2C51ECCA029000D65CF /* Main.storyboard in Resources */ = {isa = PBXBuildFile; fileRef = 8474E2C31ECCA029000D65CF /* Main.storyboard */; };
		8474E2C71ECCA029000D65CF /* Assets.xcassets in Resources */ = {isa = PBXBuildFile; fileRef = 8474E2C61ECCA029000D65CF /* Assets.xcassets */; };
		8474E2CA1ECCA029000D65CF /* LaunchScreen.storyboard in Resources */ = {isa = PBXBuildFile; fileRef = 8474E2C81ECCA029000D65CF /* LaunchScreen.storyboard */; };
		8474E2D51ECCA029000D65CF /* FoodTrackerTests.swift in Sources */ = {isa = PBXBuildFile; fileRef = 8474E2D41ECCA029000D65CF /* FoodTrackerTests.swift */; };
		8474E2E01ECCB7AB000D65CF /* RatingControl.swift in Sources */ = {isa = PBXBuildFile; fileRef = 8474E2DF1ECCB7AB000D65CF /* RatingControl.swift */; };
		84B15D521ED24D7000F230C7 /* Meal.swift in Sources */ = {isa = PBXBuildFile; fileRef = 84B15D511ED24D7000F230C7 /* Meal.swift */; };
		84E507751ED2677E00FB6D2C /* MealTableViewCell.swift in Sources */ = {isa = PBXBuildFile; fileRef = 84E507741ED2677E00FB6D2C /* MealTableViewCell.swift */; };
		84E507771ED2731A00FB6D2C /* MealTableViewController.swift in Sources */ = {isa = PBXBuildFile; fileRef = 84E507761ED2731A00FB6D2C /* MealTableViewController.swift */; };
/* End PBXBuildFile section */

/* Begin PBXContainerItemProxy section */
		8474E2D11ECCA029000D65CF /* PBXContainerItemProxy */ = {
			isa = PBXContainerItemProxy;
			containerPortal = 8474E2B41ECCA029000D65CF /* Project object */;
			proxyType = 1;
			remoteGlobalIDString = 8474E2BB1ECCA029000D65CF;
			remoteInfo = FoodTracker;
		};
/* End PBXContainerItemProxy section */

/* Begin PBXFileReference section */
		8474E2BC1ECCA029000D65CF /* FoodTracker.app */ = {isa = PBXFileReference; explicitFileType = wrapper.application; includeInIndex = 0; path = FoodTracker.app; sourceTree = BUILT_PRODUCTS_DIR; };
		8474E2BF1ECCA029000D65CF /* AppDelegate.swift */ = {isa = PBXFileReference; lastKnownFileType = sourcecode.swift; path = AppDelegate.swift; sourceTree = "<group>"; };
		8474E2C11ECCA029000D65CF /* MealViewController.swift */ = {isa = PBXFileReference; lastKnownFileType = sourcecode.swift; path = MealViewController.swift; sourceTree = "<group>"; };
		8474E2C41ECCA029000D65CF /* Base */ = {isa = PBXFileReference; lastKnownFileType = file.storyboard; name = Base; path = Base.lproj/Main.storyboard; sourceTree = "<group>"; };
		8474E2C61ECCA029000D65CF /* Assets.xcassets */ = {isa = PBXFileReference; lastKnownFileType = folder.assetcatalog; path = Assets.xcassets; sourceTree = "<group>"; };
		8474E2C91ECCA029000D65CF /* Base */ = {isa = PBXFileReference; lastKnownFileType = file.storyboard; name = Base; path = Base.lproj/LaunchScreen.storyboard; sourceTree = "<group>"; };
		8474E2CB1ECCA029000D65CF /* Info.plist */ = {isa = PBXFileReference; lastKnownFileType = text.plist.xml; path = Info.plist; sourceTree = "<group>"; };
		8474E2D01ECCA029000D65CF /* FoodTrackerTests.xctest */ = {isa = PBXFileReference; explicitFileType = wrapper.cfbundle; includeInIndex = 0; path = FoodTrackerTests.xctest; sourceTree = BUILT_PRODUCTS_DIR; };
		8474E2D41ECCA029000D65CF /* FoodTrackerTests.swift */ = {isa = PBXFileReference; lastKnownFileType = sourcecode.swift; path = FoodTrackerTests.swift; sourceTree = "<group>"; };
		8474E2D61ECCA029000D65CF /* Info.plist */ = {isa = PBXFileReference; lastKnownFileType = text.plist.xml; path = Info.plist; sourceTree = "<group>"; };
		8474E2DF1ECCB7AB000D65CF /* RatingControl.swift */ = {isa = PBXFileReference; fileEncoding = 4; lastKnownFileType = sourcecode.swift; path = RatingControl.swift; sourceTree = "<group>"; };
		84B15D511ED24D7000F230C7 /* Meal.swift */ = {isa = PBXFileReference; fileEncoding = 4; lastKnownFileType = sourcecode.swift; path = Meal.swift; sourceTree = "<group>"; };
		84E507741ED2677E00FB6D2C /* MealTableViewCell.swift */ = {isa = PBXFileReference; fileEncoding = 4; lastKnownFileType = sourcecode.swift; path = MealTableViewCell.swift; sourceTree = "<group>"; };
		84E507761ED2731A00FB6D2C /* MealTableViewController.swift */ = {isa = PBXFileReference; fileEncoding = 4; lastKnownFileType = sourcecode.swift; path = MealTableViewController.swift; sourceTree = "<group>"; };
/* End PBXFileReference section */

/* Begin PBXFrameworksBuildPhase section */
		8474E2B91ECCA029000D65CF /* Frameworks */ = {
			isa = PBXFrameworksBuildPhase;
			buildActionMask = 2147483647;
			files = (
			);
			runOnlyForDeploymentPostprocessing = 0;
		};
		8474E2CD1ECCA029000D65CF /* Frameworks */ = {
			isa = PBXFrameworksBuildPhase;
			buildActionMask = 2147483647;
			files = (
			);
			runOnlyForDeploymentPostprocessing = 0;
		};
/* End PBXFrameworksBuildPhase section */

/* Begin PBXGroup section */
		8474E2B31ECCA029000D65CF = {
			isa = PBXGroup;
			children = (
				8474E2BE1ECCA029000D65CF /* FoodTracker */,
				8474E2D31ECCA029000D65CF /* FoodTrackerTests */,
				8474E2BD1ECCA029000D65CF /* Products */,
			);
			sourceTree = "<group>";
		};
		8474E2BD1ECCA029000D65CF /* Products */ = {
			isa = PBXGroup;
			children = (
				8474E2BC1ECCA029000D65CF /* FoodTracker.app */,
				8474E2D01ECCA029000D65CF /* FoodTrackerTests.xctest */,
			);
			name = Products;
			sourceTree = "<group>";
		};
		8474E2BE1ECCA029000D65CF /* FoodTracker */ = {
			isa = PBXGroup;
			children = (
				8474E2BF1ECCA029000D65CF /* AppDelegate.swift */,
				8474E2C11ECCA029000D65CF /* MealViewController.swift */,
				84B15D511ED24D7000F230C7 /* Meal.swift */,
				8474E2DF1ECCB7AB000D65CF /* RatingControl.swift */,
				84E507741ED2677E00FB6D2C /* MealTableViewCell.swift */,
				84E507761ED2731A00FB6D2C /* MealTableViewController.swift */,
				8474E2C31ECCA029000D65CF /* Main.storyboard */,
				8474E2C61ECCA029000D65CF /* Assets.xcassets */,
				8474E2C81ECCA029000D65CF /* LaunchScreen.storyboard */,
				8474E2CB1ECCA029000D65CF /* Info.plist */,
			);
			path = FoodTracker;
			sourceTree = "<group>";
		};
		8474E2D31ECCA029000D65CF /* FoodTrackerTests */ = {
			isa = PBXGroup;
			children = (
				8474E2D41ECCA029000D65CF /* FoodTrackerTests.swift */,
				8474E2D61ECCA029000D65CF /* Info.plist */,
			);
			path = FoodTrackerTests;
			sourceTree = "<group>";
		};
/* End PBXGroup section */

/* Begin PBXNativeTarget section */
		8474E2BB1ECCA029000D65CF /* FoodTracker */ = {
			isa = PBXNativeTarget;
			buildConfigurationList = 8474E2D91ECCA029000D65CF /* Build configuration list for PBXNativeTarget "FoodTracker" */;
			buildPhases = (
				8474E2B81ECCA029000D65CF /* Sources */,
				8474E2B91ECCA029000D65CF /* Frameworks */,
				8474E2BA1ECCA029000D65CF /* Resources */,
			);
			buildRules = (
			);
			dependencies = (
			);
			name = FoodTracker;
			productName = FoodTracker;
			productReference = 8474E2BC1ECCA029000D65CF /* FoodTracker.app */;
			productType = "com.apple.product-type.application";
		};
		8474E2CF1ECCA029000D65CF /* FoodTrackerTests */ = {
			isa = PBXNativeTarget;
			buildConfigurationList = 8474E2DC1ECCA029000D65CF /* Build configuration list for PBXNativeTarget "FoodTrackerTests" */;
			buildPhases = (
				8474E2CC1ECCA029000D65CF /* Sources */,
				8474E2CD1ECCA029000D65CF /* Frameworks */,
				8474E2CE1ECCA029000D65CF /* Resources */,
			);
			buildRules = (
			);
			dependencies = (
				8474E2D21ECCA029000D65CF /* PBXTargetDependency */,
			);
			name = FoodTrackerTests;
			productName = FoodTrackerTests;
			productReference = 8474E2D01ECCA029000D65CF /* FoodTrackerTests.xctest */;
			productType = "com.apple.product-type.bundle.unit-test";
		};
/* End PBXNativeTarget section */

/* Begin PBXProject section */
		8474E2B41ECCA029000D65CF /* Project object */ = {
			isa = PBXProject;
			attributes = {
				LastSwiftUpdateCheck = 0830;
				LastUpgradeCheck = 0830;
				ORGANIZATIONNAME = Administrator;
				TargetAttributes = {
					8474E2BB1ECCA029000D65CF = {
						CreatedOnToolsVersion = 8.3.2;
						DevelopmentTeam = Z4Q6SQZ4M4;
						ProvisioningStyle = Automatic;
					};
					8474E2CF1ECCA029000D65CF = {
						CreatedOnToolsVersion = 8.3.2;
						DevelopmentTeam = Z4Q6SQZ4M4;
						ProvisioningStyle = Automatic;
						TestTargetID = 8474E2BB1ECCA029000D65CF;
					};
				};
			};
			buildConfigurationList = 8474E2B71ECCA029000D65CF /* Build configuration list for PBXProject "FoodTracker" */;
			compatibilityVersion = "Xcode 3.2";
			developmentRegion = English;
			hasScannedForEncodings = 0;
			knownRegions = (
				en,
				Base,
			);
			mainGroup = 8474E2B31ECCA029000D65CF;
			productRefGroup = 8474E2BD1ECCA029000D65CF /* Products */;
			projectDirPath = "";
			projectRoot = "";
			targets = (
				8474E2BB1ECCA029000D65CF /* FoodTracker */,
				8474E2CF1ECCA029000D65CF /* FoodTrackerTests */,
			);
		};
/* End PBXProject section */

/* Begin PBXResourcesBuildPhase section */
		8474E2BA1ECCA029000D65CF /* Resources */ = {
			isa = PBXResourcesBuildPhase;
			buildActionMask = 2147483647;
			files = (
				8474E2CA1ECCA029000D65CF /* LaunchScreen.storyboard in Resources */,
				8474E2C71ECCA029000D65CF /* Assets.xcassets in Resources */,
				8474E2C51ECCA029000D65CF /* Main.storyboard in Resources */,
			);
			runOnlyForDeploymentPostprocessing = 0;
		};
		8474E2CE1ECCA029000D65CF /* Resources */ = {
			isa = PBXResourcesBuildPhase;
			buildActionMask = 2147483647;
			files = (
			);
			runOnlyForDeploymentPostprocessing = 0;
		};
/* End PBXResourcesBuildPhase section */

/* Begin PBXSourcesBuildPhase section */
		8474E2B81ECCA029000D65CF /* Sources */ = {
			isa = PBXSourcesBuildPhase;
			buildActionMask = 2147483647;
			files = (
				84B15D521ED24D7000F230C7 /* Meal.swift in Sources */,
				8474E2C21ECCA029000D65CF /* MealViewController.swift in Sources */,
				8474E2E01ECCB7AB000D65CF /* RatingControl.swift in Sources */,
				8474E2C01ECCA029000D65CF /* AppDelegate.swift in Sources */,
				84E507771ED2731A00FB6D2C /* MealTableViewController.swift in Sources */,
				84E507751ED2677E00FB6D2C /* MealTableViewCell.swift in Sources */,
			);
			runOnlyForDeploymentPostprocessing = 0;
		};
		8474E2CC1ECCA029000D65CF /* Sources */ = {
			isa = PBXSourcesBuildPhase;
			buildActionMask = 2147483647;
			files = (
				8474E2D51ECCA029000D65CF /* FoodTrackerTests.swift in Sources */,
			);
			runOnlyForDeploymentPostprocessing = 0;
		};
/* End PBXSourcesBuildPhase section */

/* Begin PBXTargetDependency section */
		8474E2D21ECCA029000D65CF /* PBXTargetDependency */ = {
			isa = PBXTargetDependency;
			target = 8474E2BB1ECCA029000D65CF /* FoodTracker */;
			targetProxy = 8474E2D11ECCA029000D65CF /* PBXContainerItemProxy */;
		};
/* End PBXTargetDependency section */

/* Begin PBXVariantGroup section */
		8474E2C31ECCA029000D65CF /* Main.storyboard */ = {
			isa = PBXVariantGroup;
			children = (
				8474E2C41ECCA029000D65CF /* Base */,
			);
			name = Main.storyboard;
			sourceTree = "<group>";
		};
		8474E2C81ECCA029000D65CF /* LaunchScreen.storyboard */ = {
			isa = PBXVariantGroup;
			children = (
				8474E2C91ECCA029000D65CF /* Base */,
			);
			name = LaunchScreen.storyboard;
			sourceTree = "<group>";
		};
/* End PBXVariantGroup section */

/* Begin XCBuildConfiguration section */
		8474E2D71ECCA029000D65CF /* Debug */ = {
			isa = XCBuildConfiguration;
			buildSettings = {
				ALWAYS_SEARCH_USER_PATHS = NO;
				CLANG_ANALYZER_NONNULL = YES;
				CLANG_ANALYZER_NUMBER_OBJECT_CONVERSION = YES_AGGRESSIVE;
				CLANG_CXX_LANGUAGE_STANDARD = "gnu++0x";
				CLANG_CXX_LIBRARY = "libc++";
				CLANG_ENABLE_MODULES = YES;
				CLANG_ENABLE_OBJC_ARC = YES;
				CLANG_WARN_BOOL_CONVERSION = YES;
				CLANG_WARN_CONSTANT_CONVERSION = YES;
				CLANG_WARN_DIRECT_OBJC_ISA_USAGE = YES_ERROR;
				CLANG_WARN_DOCUMENTATION_COMMENTS = YES;
				CLANG_WARN_EMPTY_BODY = YES;
				CLANG_WARN_ENUM_CONVERSION = YES;
				CLANG_WARN_INFINITE_RECURSION = YES;
				CLANG_WARN_INT_CONVERSION = YES;
				CLANG_WARN_OBJC_ROOT_CLASS = YES_ERROR;
				CLANG_WARN_SUSPICIOUS_MOVE = YES;
				CLANG_WARN_UNREACHABLE_CODE = YES;
				CLANG_WARN__DUPLICATE_METHOD_MATCH = YES;
				"CODE_SIGN_IDENTITY[sdk=iphoneos*]" = "iPhone Developer";
				COPY_PHASE_STRIP = NO;
				DEBUG_INFORMATION_FORMAT = dwarf;
				ENABLE_STRICT_OBJC_MSGSEND = YES;
				ENABLE_TESTABILITY = YES;
				GCC_C_LANGUAGE_STANDARD = gnu99;
				GCC_DYNAMIC_NO_PIC = NO;
				GCC_NO_COMMON_BLOCKS = YES;
				GCC_OPTIMIZATION_LEVEL = 0;
				GCC_PREPROCESSOR_DEFINITIONS = (
					"DEBUG=1",
					"$(inherited)",
				);
				GCC_WARN_64_TO_32_BIT_CONVERSION = YES;
				GCC_WARN_ABOUT_RETURN_TYPE = YES_ERROR;
				GCC_WARN_UNDECLARED_SELECTOR = YES;
				GCC_WARN_UNINITIALIZED_AUTOS = YES_AGGRESSIVE;
				GCC_WARN_UNUSED_FUNCTION = YES;
				GCC_WARN_UNUSED_VARIABLE = YES;
				IPHONEOS_DEPLOYMENT_TARGET = 10.3;
				MTL_ENABLE_DEBUG_INFO = YES;
				ONLY_ACTIVE_ARCH = YES;
				SDKROOT = iphoneos;
				SWIFT_ACTIVE_COMPILATION_CONDITIONS = DEBUG;
				SWIFT_OPTIMIZATION_LEVEL = "-Onone";
				TARGETED_DEVICE_FAMILY = "1,2";
			};
			name = Debug;
		};
		8474E2D81ECCA029000D65CF /* Release */ = {
			isa = XCBuildConfiguration;
			buildSettings = {
				ALWAYS_SEARCH_USER_PATHS = NO;
				CLANG_ANALYZER_NONNULL = YES;
				CLANG_ANALYZER_NUMBER_OBJECT_CONVERSION = YES_AGGRESSIVE;
				CLANG_CXX_LANGUAGE_STANDARD = "gnu++0x";
				CLANG_CXX_LIBRARY = "libc++";
				CLANG_ENABLE_MODULES = YES;
				CLANG_ENABLE_OBJC_ARC = YES;
				CLANG_WARN_BOOL_CONVERSION = YES;
				CLANG_WARN_CONSTANT_CONVERSION = YES;
				CLANG_WARN_DIRECT_OBJC_ISA_USAGE = YES_ERROR;
				CLANG_WARN_DOCUMENTATION_COMMENTS = YES;
				CLANG_WARN_EMPTY_BODY = YES;
				CLANG_WARN_ENUM_CONVERSION = YES;
				CLANG_WARN_INFINITE_RECURSION = YES;
				CLANG_WARN_INT_CONVERSION = YES;
				CLANG_WARN_OBJC_ROOT_CLASS = YES_ERROR;
				CLANG_WARN_SUSPICIOUS_MOVE = YES;
				CLANG_WARN_UNREACHABLE_CODE = YES;
				CLANG_WARN__DUPLICATE_METHOD_MATCH = YES;
				"CODE_SIGN_IDENTITY[sdk=iphoneos*]" = "iPhone Developer";
				COPY_PHASE_STRIP = NO;
				DEBUG_INFORMATION_FORMAT = "dwarf-with-dsym";
				ENABLE_NS_ASSERTIONS = NO;
				ENABLE_STRICT_OBJC_MSGSEND = YES;
				GCC_C_LANGUAGE_STANDARD = gnu99;
				GCC_NO_COMMON_BLOCKS = YES;
				GCC_WARN_64_TO_32_BIT_CONVERSION = YES;
				GCC_WARN_ABOUT_RETURN_TYPE = YES_ERROR;
				GCC_WARN_UNDECLARED_SELECTOR = YES;
				GCC_WARN_UNINITIALIZED_AUTOS = YES_AGGRESSIVE;
				GCC_WARN_UNUSED_FUNCTION = YES;
				GCC_WARN_UNUSED_VARIABLE = YES;
				IPHONEOS_DEPLOYMENT_TARGET = 10.3;
				MTL_ENABLE_DEBUG_INFO = NO;
				SDKROOT = iphoneos;
				SWIFT_OPTIMIZATION_LEVEL = "-Owholemodule";
				TARGETED_DEVICE_FAMILY = "1,2";
				VALIDATE_PRODUCT = YES;
			};
			name = Release;
		};
		8474E2DA1ECCA029000D65CF /* Debug */ = {
			isa = XCBuildConfiguration;
			buildSettings = {
				ASSETCATALOG_COMPILER_APPICON_NAME = AppIcon;
				DEVELOPMENT_TEAM = Z4Q6SQZ4M4;
				INFOPLIST_FILE = FoodTracker/Info.plist;
				LD_RUNPATH_SEARCH_PATHS = "$(inherited) @executable_path/Frameworks";
				PRODUCT_BUNDLE_IDENTIFIER = BUG.FoodTracker;
				PRODUCT_NAME = "$(TARGET_NAME)";
				SWIFT_VERSION = 3.0;
			};
			name = Debug;
		};
		8474E2DB1ECCA029000D65CF /* Release */ = {
			isa = XCBuildConfiguration;
			buildSettings = {
				ASSETCATALOG_COMPILER_APPICON_NAME = AppIcon;
				DEVELOPMENT_TEAM = Z4Q6SQZ4M4;
				INFOPLIST_FILE = FoodTracker/Info.plist;
				LD_RUNPATH_SEARCH_PATHS = "$(inherited) @executable_path/Frameworks";
				PRODUCT_BUNDLE_IDENTIFIER = BUG.FoodTracker;
				PRODUCT_NAME = "$(TARGET_NAME)";
				SWIFT_VERSION = 3.0;
			};
			name = Release;
		};
		8474E2DD1ECCA029000D65CF /* Debug */ = {
			isa = XCBuildConfiguration;
			buildSettings = {
				ALWAYS_EMBED_SWIFT_STANDARD_LIBRARIES = YES;
				BUNDLE_LOADER = "$(TEST_HOST)";
				DEVELOPMENT_TEAM = Z4Q6SQZ4M4;
				INFOPLIST_FILE = FoodTrackerTests/Info.plist;
				LD_RUNPATH_SEARCH_PATHS = "$(inherited) @executable_path/Frameworks @loader_path/Frameworks";
				PRODUCT_BUNDLE_IDENTIFIER = BUG.FoodTrackerTests;
				PRODUCT_NAME = "$(TARGET_NAME)";
				SWIFT_VERSION = 3.0;
				TEST_HOST = "$(BUILT_PRODUCTS_DIR)/FoodTracker.app/FoodTracker";
			};
			name = Debug;
		};
		8474E2DE1ECCA029000D65CF /* Release */ = {
			isa = XCBuildConfiguration;
			buildSettings = {
				ALWAYS_EMBED_SWIFT_STANDARD_LIBRARIES = YES;
				BUNDLE_LOADER = "$(TEST_HOST)";
				DEVELOPMENT_TEAM = Z4Q6SQZ4M4;
				INFOPLIST_FILE = FoodTrackerTests/Info.plist;
				LD_RUNPATH_SEARCH_PATHS = "$(inherited) @executable_path/Frameworks @loader_path/Frameworks";
				PRODUCT_BUNDLE_IDENTIFIER = BUG.FoodTrackerTests;
				PRODUCT_NAME = "$(TARGET_NAME)";
				SWIFT_VERSION = 3.0;
				TEST_HOST = "$(BUILT_PRODUCTS_DIR)/FoodTracker.app/FoodTracker";
			};
			name = Release;
		};
/* End XCBuildConfiguration section */

/* Begin XCConfigurationList section */
		8474E2B71ECCA029000D65CF /* Build configuration list for PBXProject "FoodTracker" */ = {
			isa = XCConfigurationList;
			buildConfigurations = (
				8474E2D71ECCA029000D65CF /* Debug */,
				8474E2D81ECCA029000D65CF /* Release */,
			);
			defaultConfigurationIsVisible = 0;
			defaultConfigurationName = Release;
		};
		8474E2D91ECCA029000D65CF /* Build configuration list for PBXNativeTarget "FoodTracker" */ = {
			isa = XCConfigurationList;
			buildConfigurations = (
				8474E2DA1ECCA029000D65CF /* Debug */,
				8474E2DB1ECCA029000D65CF /* Release */,
			);
			defaultConfigurationIsVisible = 0;
			defaultConfigurationName = Release;
		};
		8474E2DC1ECCA029000D65CF /* Build configuration list for PBXNativeTarget "FoodTrackerTests" */ = {
			isa = XCConfigurationList;
			buildConfigurations = (
				8474E2DD1ECCA029000D65CF /* Debug */,
				8474E2DE1ECCA029000D65CF /* Release */,
			);
			defaultConfigurationIsVisible = 0;
			defaultConfigurationName = Release;
		};
/* End XCConfigurationList section */
	};
	rootObject = 8474E2B41ECCA029000D65CF /* Project object */;
}
